
Microsoft Visual Studio Solution File, Format Version 12.00
# Visual Studio Version 17
VisualStudioVersion = 17.14.36414.22 d17.14
MinimumVisualStudioVersion = 10.0.40219.1
Project("{FAE04EC0-301F-11D3-BF4B-00C04F79EFBC}") = "EncapsulateWhatVaries", "EncapsulateWhatVaries\EncapsulateWhatVaries.csproj", "{1D6606C8-65D3-4BFB-AB56-4D873F5B9527}"
EndProject
Global
	GlobalSection(SolutionConfigurationPlatforms) = preSolution
		Debug|Any CPU = Debug|Any CPU
		Release|Any CPU = Release|Any CPU
	EndGlobalSection
	GlobalSection(ProjectConfigurationPlatforms) = postSolution
		{1D6606C8-65D3-4BFB-AB56-4D873F5B9527}.Debug|Any CPU.ActiveCfg = Debug|Any CPU
		{1D6606C8-65D3-4BFB-AB56-4D873F5B9527}.Debug|Any CPU.Build.0 = Debug|Any CPU
		{1D6606C8-65D3-4BFB-AB56-4D873F5B9527}.Release|Any CPU.ActiveCfg = Release|Any CPU
		{1D6606C8-65D3-4BFB-AB56-4D873F5B9527}.Release|Any CPU.Build.0 = Release|Any CPU
	EndGlobalSection
	GlobalSection(SolutionProperties) = preSolution
		HideSolutionNode = FALSE
	EndGlobalSection
	GlobalSection(ExtensibilityGlobals) = postSolution
		SolutionGuid = {E7F0BF04-1E3A-4258-8ADE-AF3082F84F25}
	EndGlobalSection
EndGlobal
